// !$*UTF8*$!
{
	archiveVersion = 1;
	classes = {
	};
	objectVersion = 50;
	objects = {

/* Begin PBXBuildFile section */
		A63AC93528A0ECB100CF6D5F /* RCTVideoManager.m in Sources */ = {isa = PBXBuildFile; fileRef = A63AC92F28A0ECB100CF6D5F /* RCTVideoManager.m */; };
		A63AC93628A0ECB100CF6D5F /* UIView+FindUIViewController.m in Sources */ = {isa = PBXBuildFile; fileRef = A63AC93128A0ECB100CF6D5F /* UIView+FindUIViewController.m */; };
		A63AC93728A0ECB100CF6D5F /* RCTVideoPlayerViewController.m in Sources */ = {isa = PBXBuildFile; fileRef = A63AC93328A0ECB100CF6D5F /* RCTVideoPlayerViewController.m */; };
		A63AC93828A0ECB100CF6D5F /* RCTVideo.m in Sources */ = {isa = PBXBuildFile; fileRef = A63AC93428A0ECB100CF6D5F /* RCTVideo.m */; };
		A6647AF02889814600F4803A /* CuvoDocumentPicker.m in Sources */ = {isa = PBXBuildFile; fileRef = A6647AEF2889814600F4803A /* CuvoDocumentPicker.m */; };
		A6647AF3288981CC00F4803A /* RCTConvert+CuvoDocumentPicker.m in Sources */ = {isa = PBXBuildFile; fileRef = A6647AF2288981CC00F4803A /* RCTConvert+CuvoDocumentPicker.m */; };
		A6647AF62889821F00F4803A /* CuvoPromiseWrapper.m in Sources */ = {isa = PBXBuildFile; fileRef = A6647AF52889821F00F4803A /* CuvoPromiseWrapper.m */; };
		A69AD4722892470E00BFFB8B /* CuvoScreenRecorder.m in Sources */ = {isa = PBXBuildFile; fileRef = A69AD4712892470E00BFFB8B /* CuvoScreenRecorder.m */; };
		A69AD4752892490700BFFB8B /* CuvoTouchPointerWindow.m in Sources */ = {isa = PBXBuildFile; fileRef = A69AD4742892490700BFFB8B /* CuvoTouchPointerWindow.m */; };
		A69AD47B289396B800BFFB8B /* CuvoRecordingPackage.m in Sources */ = {isa = PBXBuildFile; fileRef = A69AD479289396B800BFFB8B /* CuvoRecordingPackage.m */; };
		A6BA04DD289791C80007F9F6 /* CuvoAudioRecorderPlayer.m in Sources */ = {isa = PBXBuildFile; fileRef = A6BA04DC289791C80007F9F6 /* CuvoAudioRecorderPlayer.m */; };
		A6FEB1A02873390D006BF284 /* CUVOTakeScreenShot.m in Sources */ = {isa = PBXBuildFile; fileRef = A6FEB19E2873390D006BF284 /* CUVOTakeScreenShot.m */; };
		FA4F9FE82512AA42002DB4D5 /* RNCuvoPackage.swift in Sources */ = {isa = PBXBuildFile; fileRef = FA4F9FE72512AA42002DB4D5 /* RNCuvoPackage.swift */; };
		FA4F9FEB2512ACC2002DB4D5 /* RNCuvoPackage.m in Sources */ = {isa = PBXBuildFile; fileRef = FA4F9FEA2512ACC2002DB4D5 /* RNCuvoPackage.m */; };
/* End PBXBuildFile section */

/* Begin PBXCopyFilesBuildPhase section */
		FA0EFF5E236CC8FB00069FA8 /* CopyFiles */ = {
			isa = PBXCopyFilesBuildPhase;
			buildActionMask = 2147483647;
			dstPath = "include/$(PRODUCT_NAME)";
			dstSubfolderSpec = 16;
			files = (
			);
			runOnlyForDeploymentPostprocessing = 0;
		};
/* End PBXCopyFilesBuildPhase section */

/* Begin PBXFileReference section */
		A63AC92C28A0ECB100CF6D5F /* RCTVideoPlayerViewControllerDelegate.h */ = {isa = PBXFileReference; fileEncoding = 4; lastKnownFileType = sourcecode.c.h; path = RCTVideoPlayerViewControllerDelegate.h; sourceTree = "<group>"; };
		A63AC92D28A0ECB100CF6D5F /* RCTVideoManager.h */ = {isa = PBXFileReference; fileEncoding = 4; lastKnownFileType = sourcecode.c.h; path = RCTVideoManager.h; sourceTree = "<group>"; };
		A63AC92E28A0ECB100CF6D5F /* RCTVideoPlayerViewController.h */ = {isa = PBXFileReference; fileEncoding = 4; lastKnownFileType = sourcecode.c.h; path = RCTVideoPlayerViewController.h; sourceTree = "<group>"; };
		A63AC92F28A0ECB100CF6D5F /* RCTVideoManager.m */ = {isa = PBXFileReference; fileEncoding = 4; lastKnownFileType = sourcecode.c.objc; path = RCTVideoManager.m; sourceTree = "<group>"; };
		A63AC93028A0ECB100CF6D5F /* UIView+FindUIViewController.h */ = {isa = PBXFileReference; fileEncoding = 4; lastKnownFileType = sourcecode.c.h; path = "UIView+FindUIViewController.h"; sourceTree = "<group>"; };
		A63AC93128A0ECB100CF6D5F /* UIView+FindUIViewController.m */ = {isa = PBXFileReference; fileEncoding = 4; lastKnownFileType = sourcecode.c.objc; path = "UIView+FindUIViewController.m"; sourceTree = "<group>"; };
		A63AC93228A0ECB100CF6D5F /* RCTVideo.h */ = {isa = PBXFileReference; fileEncoding = 4; lastKnownFileType = sourcecode.c.h; path = RCTVideo.h; sourceTree = "<group>"; };
		A63AC93328A0ECB100CF6D5F /* RCTVideoPlayerViewController.m */ = {isa = PBXFileReference; fileEncoding = 4; lastKnownFileType = sourcecode.c.objc; path = RCTVideoPlayerViewController.m; sourceTree = "<group>"; };
		A63AC93428A0ECB100CF6D5F /* RCTVideo.m */ = {isa = PBXFileReference; fileEncoding = 4; lastKnownFileType = sourcecode.c.objc; path = RCTVideo.m; sourceTree = "<group>"; };
		A6647AEE2889814600F4803A /* CuvoDocumentPicker.h */ = {isa = PBXFileReference; lastKnownFileType = sourcecode.c.h; path = CuvoDocumentPicker.h; sourceTree = "<group>"; };
		A6647AEF2889814600F4803A /* CuvoDocumentPicker.m */ = {isa = PBXFileReference; lastKnownFileType = sourcecode.c.objc; path = CuvoDocumentPicker.m; sourceTree = "<group>"; };
		A6647AF1288981CC00F4803A /* RCTConvert+CuvoDocumentPicker.h */ = {isa = PBXFileReference; fileEncoding = 4; lastKnownFileType = sourcecode.c.h; path = "RCTConvert+CuvoDocumentPicker.h"; sourceTree = "<group>"; };
		A6647AF2288981CC00F4803A /* RCTConvert+CuvoDocumentPicker.m */ = {isa = PBXFileReference; fileEncoding = 4; lastKnownFileType = sourcecode.c.objc; path = "RCTConvert+CuvoDocumentPicker.m"; sourceTree = "<group>"; };
		A6647AF42889821F00F4803A /* CuvoPromiseWrapper.h */ = {isa = PBXFileReference; lastKnownFileType = sourcecode.c.h; path = CuvoPromiseWrapper.h; sourceTree = "<group>"; };
		A6647AF52889821F00F4803A /* CuvoPromiseWrapper.m */ = {isa = PBXFileReference; lastKnownFileType = sourcecode.c.objc; path = CuvoPromiseWrapper.m; sourceTree = "<group>"; };
		A69AD4702892470E00BFFB8B /* CuvoScreenRecorder.h */ = {isa = PBXFileReference; lastKnownFileType = sourcecode.c.h; path = CuvoScreenRecorder.h; sourceTree = "<group>"; };
		A69AD4712892470E00BFFB8B /* CuvoScreenRecorder.m */ = {isa = PBXFileReference; lastKnownFileType = sourcecode.c.objc; path = CuvoScreenRecorder.m; sourceTree = "<group>"; };
		A69AD4732892490700BFFB8B /* CuvoTouchPointerWindow.h */ = {isa = PBXFileReference; lastKnownFileType = sourcecode.c.h; path = CuvoTouchPointerWindow.h; sourceTree = "<group>"; };
		A69AD4742892490700BFFB8B /* CuvoTouchPointerWindow.m */ = {isa = PBXFileReference; lastKnownFileType = sourcecode.c.objc; path = CuvoTouchPointerWindow.m; sourceTree = "<group>"; };
		A69AD479289396B800BFFB8B /* CuvoRecordingPackage.m */ = {isa = PBXFileReference; fileEncoding = 4; lastKnownFileType = sourcecode.c.objc; path = CuvoRecordingPackage.m; sourceTree = "<group>"; };
		A69AD47A289396B800BFFB8B /* CuvoRecordingPackage.h */ = {isa = PBXFileReference; fileEncoding = 4; lastKnownFileType = sourcecode.c.h; path = CuvoRecordingPackage.h; sourceTree = "<group>"; };
		A6BA04DB289791C80007F9F6 /* CuvoAudioRecorderPlayer.h */ = {isa = PBXFileReference; lastKnownFileType = sourcecode.c.h; path = CuvoAudioRecorderPlayer.h; sourceTree = "<group>"; };
		A6BA04DC289791C80007F9F6 /* CuvoAudioRecorderPlayer.m */ = {isa = PBXFileReference; lastKnownFileType = sourcecode.c.objc; path = CuvoAudioRecorderPlayer.m; sourceTree = "<group>"; };
		A6FEB19E2873390D006BF284 /* CUVOTakeScreenShot.m */ = {isa = PBXFileReference; fileEncoding = 4; lastKnownFileType = sourcecode.c.objc; path = CUVOTakeScreenShot.m; sourceTree = "<group>"; };
		A6FEB19F2873390D006BF284 /* CUVOTakeScreenShot.h */ = {isa = PBXFileReference; fileEncoding = 4; lastKnownFileType = sourcecode.c.h; path = CUVOTakeScreenShot.h; sourceTree = "<group>"; };
		FA0EFF60236CC8FB00069FA8 /* libRNCuvoPackage.a */ = {isa = PBXFileReference; explicitFileType = archive.ar; includeInIndex = 0; path = libRNCuvoPackage.a; sourceTree = BUILT_PRODUCTS_DIR; };
		FA4F9FE72512AA42002DB4D5 /* RNCuvoPackage.swift */ = {isa = PBXFileReference; lastKnownFileType = sourcecode.swift; path = RNCuvoPackage.swift; sourceTree = "<group>"; };
		FA4F9FEA2512ACC2002DB4D5 /* RNCuvoPackage.m */ = {isa = PBXFileReference; lastKnownFileType = sourcecode.c.objc; path = RNCuvoPackage.m; sourceTree = "<group>"; };
/* End PBXFileReference section */

/* Begin PBXFrameworksBuildPhase section */
		FA0EFF5D236CC8FB00069FA8 /* Frameworks */ = {
			isa = PBXFrameworksBuildPhase;
			buildActionMask = 2147483647;
			files = (
			);
			runOnlyForDeploymentPostprocessing = 0;
		};
/* End PBXFrameworksBuildPhase section */

/* Begin PBXGroup section */
		A63AC92228A0EC8C00CF6D5F /* Video */ = {
			isa = PBXGroup;
			children = (
				A63AC93228A0ECB100CF6D5F /* RCTVideo.h */,
				A63AC93428A0ECB100CF6D5F /* RCTVideo.m */,
				A63AC92D28A0ECB100CF6D5F /* RCTVideoManager.h */,
				A63AC92F28A0ECB100CF6D5F /* RCTVideoManager.m */,
				A63AC92E28A0ECB100CF6D5F /* RCTVideoPlayerViewController.h */,
				A63AC93328A0ECB100CF6D5F /* RCTVideoPlayerViewController.m */,
				A63AC92C28A0ECB100CF6D5F /* RCTVideoPlayerViewControllerDelegate.h */,
				A63AC93028A0ECB100CF6D5F /* UIView+FindUIViewController.h */,
				A63AC93128A0ECB100CF6D5F /* UIView+FindUIViewController.m */,
			);
			path = Video;
			sourceTree = "<group>";
		};
		FA0EFF57236CC8FB00069FA8 = {
			isa = PBXGroup;
			children = (
				A6FEB19F2873390D006BF284 /* CUVOTakeScreenShot.h */,
				A6FEB19E2873390D006BF284 /* CUVOTakeScreenShot.m */,
				A6647AF1288981CC00F4803A /* RCTConvert+CuvoDocumentPicker.h */,
				A6647AF2288981CC00F4803A /* RCTConvert+CuvoDocumentPicker.m */,
				A6647AF42889821F00F4803A /* CuvoPromiseWrapper.h */,
				A6647AF52889821F00F4803A /* CuvoPromiseWrapper.m */,
				A6647AEE2889814600F4803A /* CuvoDocumentPicker.h */,
				A6647AEF2889814600F4803A /* CuvoDocumentPicker.m */,
				A69AD47A289396B800BFFB8B /* CuvoRecordingPackage.h */,
				A69AD479289396B800BFFB8B /* CuvoRecordingPackage.m */,
				A69AD4702892470E00BFFB8B /* CuvoScreenRecorder.h */,
				A69AD4712892470E00BFFB8B /* CuvoScreenRecorder.m */,
				A69AD4732892490700BFFB8B /* CuvoTouchPointerWindow.h */,
				A69AD4742892490700BFFB8B /* CuvoTouchPointerWindow.m */,
				A6BA04DB289791C80007F9F6 /* CuvoAudioRecorderPlayer.h */,
				A6BA04DC289791C80007F9F6 /* CuvoAudioRecorderPlayer.m */,
				FA4F9FEA2512ACC2002DB4D5 /* RNCuvoPackage.m */,
				FA4F9FE72512AA42002DB4D5 /* RNCuvoPackage.swift */,
				A63AC92228A0EC8C00CF6D5F /* Video */,
				FA0EFF61236CC8FB00069FA8 /* Products */,
			);
			sourceTree = "<group>";
		};
		FA0EFF61236CC8FB00069FA8 /* Products */ = {
			isa = PBXGroup;
			children = (
				FA0EFF60236CC8FB00069FA8 /* libRNCuvoPackage.a */,
			);
			name = Products;
			sourceTree = "<group>";
		};
/* End PBXGroup section */

/* Begin PBXNativeTarget section */
		FA0EFF5F236CC8FB00069FA8 /* RNCuvoPackage */ = {
			isa = PBXNativeTarget;
			buildConfigurationList = FA0EFF69236CC8FB00069FA8 /* Build configuration list for PBXNativeTarget "RNCuvoPackage" */;
			buildPhases = (
				FA0EFF5C236CC8FB00069FA8 /* Sources */,
				FA0EFF5D236CC8FB00069FA8 /* Frameworks */,
				FA0EFF5E236CC8FB00069FA8 /* CopyFiles */,
			);
			buildRules = (
			);
			dependencies = (
			);
			name = RNCuvoPackage;
			productName = RNCuvoPackage;
			productReference = FA0EFF60236CC8FB00069FA8 /* libRNCuvoPackage.a */;
			productType = "com.apple.product-type.library.static";
		};
/* End PBXNativeTarget section */

/* Begin PBXProject section */
		FA0EFF58236CC8FB00069FA8 /* Project object */ = {
			isa = PBXProject;
			attributes = {
				LastUpgradeCheck = 1110;
				ORGANIZATIONNAME = cuvo;
				TargetAttributes = {
					FA0EFF5F236CC8FB00069FA8 = {
						CreatedOnToolsVersion = 11.1;
						LastSwiftMigration = 1170;
					};
				};
			};
			buildConfigurationList = FA0EFF5B236CC8FB00069FA8 /* Build configuration list for PBXProject "RNCuvoPackage" */;
			compatibilityVersion = "Xcode 9.3";
			developmentRegion = en;
			hasScannedForEncodings = 0;
			knownRegions = (
				en,
				Base,
			);
			mainGroup = FA0EFF57236CC8FB00069FA8;
			productRefGroup = FA0EFF61236CC8FB00069FA8 /* Products */;
			projectDirPath = "";
			projectRoot = "";
			targets = (
				FA0EFF5F236CC8FB00069FA8 /* RNCuvoPackage */,
			);
		};
/* End PBXProject section */

/* Begin PBXSourcesBuildPhase section */
		FA0EFF5C236CC8FB00069FA8 /* Sources */ = {
			isa = PBXSourcesBuildPhase;
			buildActionMask = 2147483647;
			files = (
				FA4F9FE82512AA42002DB4D5 /* RNCuvoPackage.swift in Sources */,
				A69AD47B289396B800BFFB8B /* CuvoRecordingPackage.m in Sources */,
				A63AC93528A0ECB100CF6D5F /* RCTVideoManager.m in Sources */,
				A69AD4722892470E00BFFB8B /* CuvoScreenRecorder.m in Sources */,
				A6647AF02889814600F4803A /* CuvoDocumentPicker.m in Sources */,
				A63AC93828A0ECB100CF6D5F /* RCTVideo.m in Sources */,
				A6FEB1A02873390D006BF284 /* CUVOTakeScreenShot.m in Sources */,
				A63AC93728A0ECB100CF6D5F /* RCTVideoPlayerViewController.m in Sources */,
				A63AC93628A0ECB100CF6D5F /* UIView+FindUIViewController.m in Sources */,
				A69AD4752892490700BFFB8B /* CuvoTouchPointerWindow.m in Sources */,
				A6BA04DD289791C80007F9F6 /* CuvoAudioRecorderPlayer.m in Sources */,
				A6647AF3288981CC00F4803A /* RCTConvert+CuvoDocumentPicker.m in Sources */,
				A6647AF62889821F00F4803A /* CuvoPromiseWrapper.m in Sources */,
				FA4F9FEB2512ACC2002DB4D5 /* RNCuvoPackage.m in Sources */,
			);
			runOnlyForDeploymentPostprocessing = 0;
		};
/* End PBXSourcesBuildPhase section */

/* Begin XCBuildConfiguration section */
		FA0EFF67236CC8FB00069FA8 /* Debug */ = {
			isa = XCBuildConfiguration;
			buildSettings = {
				ALWAYS_SEARCH_USER_PATHS = NO;
				CLANG_ANALYZER_NONNULL = YES;
				CLANG_ANALYZER_NUMBER_OBJECT_CONVERSION = YES_AGGRESSIVE;
				CLANG_CXX_LANGUAGE_STANDARD = "gnu++14";
				CLANG_CXX_LIBRARY = "libc++";
				CLANG_ENABLE_MODULES = YES;
				CLANG_ENABLE_OBJC_ARC = YES;
				CLANG_ENABLE_OBJC_WEAK = YES;
				CLANG_WARN_BLOCK_CAPTURE_AUTORELEASING = YES;
				CLANG_WARN_BOOL_CONVERSION = YES;
				CLANG_WARN_COMMA = YES;
				CLANG_WARN_CONSTANT_CONVERSION = YES;
				CLANG_WARN_DEPRECATED_OBJC_IMPLEMENTATIONS = YES;
				CLANG_WARN_DIRECT_OBJC_ISA_USAGE = YES_ERROR;
				CLANG_WARN_DOCUMENTATION_COMMENTS = YES;
				CLANG_WARN_EMPTY_BODY = YES;
				CLANG_WARN_ENUM_CONVERSION = YES;
				CLANG_WARN_INFINITE_RECURSION = YES;
				CLANG_WARN_INT_CONVERSION = YES;
				CLANG_WARN_NON_LITERAL_NULL_CONVERSION = YES;
				CLANG_WARN_OBJC_IMPLICIT_RETAIN_SELF = YES;
				CLANG_WARN_OBJC_LITERAL_CONVERSION = YES;
				CLANG_WARN_OBJC_ROOT_CLASS = YES_ERROR;
				CLANG_WARN_RANGE_LOOP_ANALYSIS = YES;
				CLANG_WARN_STRICT_PROTOTYPES = YES;
				CLANG_WARN_SUSPICIOUS_MOVE = YES;
				CLANG_WARN_UNGUARDED_AVAILABILITY = YES_AGGRESSIVE;
				CLANG_WARN_UNREACHABLE_CODE = YES;
				CLANG_WARN__DUPLICATE_METHOD_MATCH = YES;
				COPY_PHASE_STRIP = NO;
				DEBUG_INFORMATION_FORMAT = dwarf;
				ENABLE_STRICT_OBJC_MSGSEND = YES;
				ENABLE_TESTABILITY = YES;
				GCC_C_LANGUAGE_STANDARD = gnu11;
				GCC_DYNAMIC_NO_PIC = NO;
				GCC_NO_COMMON_BLOCKS = YES;
				GCC_OPTIMIZATION_LEVEL = 0;
				GCC_PREPROCESSOR_DEFINITIONS = (
					"DEBUG=1",
					"$(inherited)",
				);
				GCC_WARN_64_TO_32_BIT_CONVERSION = YES;
				GCC_WARN_ABOUT_RETURN_TYPE = YES_ERROR;
				GCC_WARN_UNDECLARED_SELECTOR = YES;
				GCC_WARN_UNINITIALIZED_AUTOS = YES_AGGRESSIVE;
				GCC_WARN_UNUSED_FUNCTION = YES;
				GCC_WARN_UNUSED_VARIABLE = YES;
				IPHONEOS_DEPLOYMENT_TARGET = 9.0;
				MTL_ENABLE_DEBUG_INFO = INCLUDE_SOURCE;
				MTL_FAST_MATH = YES;
				ONLY_ACTIVE_ARCH = YES;
				SDKROOT = iphoneos;
			};
			name = Debug;
		};
		FA0EFF68236CC8FB00069FA8 /* Release */ = {
			isa = XCBuildConfiguration;
			buildSettings = {
				ALWAYS_SEARCH_USER_PATHS = NO;
				CLANG_ANALYZER_NONNULL = YES;
				CLANG_ANALYZER_NUMBER_OBJECT_CONVERSION = YES_AGGRESSIVE;
				CLANG_CXX_LANGUAGE_STANDARD = "gnu++14";
				CLANG_CXX_LIBRARY = "libc++";
				CLANG_ENABLE_MODULES = YES;
				CLANG_ENABLE_OBJC_ARC = YES;
				CLANG_ENABLE_OBJC_WEAK = YES;
				CLANG_WARN_BLOCK_CAPTURE_AUTORELEASING = YES;
				CLANG_WARN_BOOL_CONVERSION = YES;
				CLANG_WARN_COMMA = YES;
				CLANG_WARN_CONSTANT_CONVERSION = YES;
				CLANG_WARN_DEPRECATED_OBJC_IMPLEMENTATIONS = YES;
				CLANG_WARN_DIRECT_OBJC_ISA_USAGE = YES_ERROR;
				CLANG_WARN_DOCUMENTATION_COMMENTS = YES;
				CLANG_WARN_EMPTY_BODY = YES;
				CLANG_WARN_ENUM_CONVERSION = YES;
				CLANG_WARN_INFINITE_RECURSION = YES;
				CLANG_WARN_INT_CONVERSION = YES;
				CLANG_WARN_NON_LITERAL_NULL_CONVERSION = YES;
				CLANG_WARN_OBJC_IMPLICIT_RETAIN_SELF = YES;
				CLANG_WARN_OBJC_LITERAL_CONVERSION = YES;
				CLANG_WARN_OBJC_ROOT_CLASS = YES_ERROR;
				CLANG_WARN_RANGE_LOOP_ANALYSIS = YES;
				CLANG_WARN_STRICT_PROTOTYPES = YES;
				CLANG_WARN_SUSPICIOUS_MOVE = YES;
				CLANG_WARN_UNGUARDED_AVAILABILITY = YES_AGGRESSIVE;
				CLANG_WARN_UNREACHABLE_CODE = YES;
				CLANG_WARN__DUPLICATE_METHOD_MATCH = YES;
				COPY_PHASE_STRIP = NO;
				DEBUG_INFORMATION_FORMAT = "dwarf-with-dsym";
				ENABLE_NS_ASSERTIONS = NO;
				ENABLE_STRICT_OBJC_MSGSEND = YES;
				GCC_C_LANGUAGE_STANDARD = gnu11;
				GCC_NO_COMMON_BLOCKS = YES;
				GCC_WARN_64_TO_32_BIT_CONVERSION = YES;
				GCC_WARN_ABOUT_RETURN_TYPE = YES_ERROR;
				GCC_WARN_UNDECLARED_SELECTOR = YES;
				GCC_WARN_UNINITIALIZED_AUTOS = YES_AGGRESSIVE;
				GCC_WARN_UNUSED_FUNCTION = YES;
				GCC_WARN_UNUSED_VARIABLE = YES;
				IPHONEOS_DEPLOYMENT_TARGET = 9.0;
				MTL_ENABLE_DEBUG_INFO = NO;
				MTL_FAST_MATH = YES;
				SDKROOT = iphoneos;
				VALIDATE_PRODUCT = YES;
			};
			name = Release;
		};
		FA0EFF6A236CC8FB00069FA8 /* Debug */ = {
			isa = XCBuildConfiguration;
			buildSettings = {
				CLANG_ENABLE_MODULES = YES;
				CODE_SIGN_STYLE = Automatic;
				HEADER_SEARCH_PATHS = (
					"$(inherited)",
					"$(SRCROOT)/../example/ios/Pods/Headers/Public/React-Core",
					"$(SRCROOT)/../../../ios/Pods/Headers/Public/React-Core",
				);
				LD_RUNPATH_SEARCH_PATHS = (
					"$(inherited)",
					"@executable_path/Frameworks",
					"@loader_path/Frameworks",
				);
				OTHER_LDFLAGS = "-ObjC";
				PRODUCT_MODULE_NAME = RNCuvoPackage;
				PRODUCT_NAME = RNCuvoPackage;
				SKIP_INSTALL = YES;
				SWIFT_OBJC_BRIDGING_HEADER = "/Users/sivachandran/Desktop/TestPackages/CuvoExampleTest/node_modules/cuvo-react-native-package/ios/Video/RNCuvoPackage-Bridging-Header.h";
				SWIFT_OPTIMIZATION_LEVEL = "-Onone";
				SWIFT_VERSION = 5.0;
				TARGETED_DEVICE_FAMILY = "1,2";
			};
			name = Debug;
		};
		FA0EFF6B236CC8FB00069FA8 /* Release */ = {
			isa = XCBuildConfiguration;
			buildSettings = {
				CLANG_ENABLE_MODULES = YES;
				CODE_SIGN_STYLE = Automatic;
				HEADER_SEARCH_PATHS = (
					"$(inherited)",
					"$(SRCROOT)/../example/ios/Pods/Headers/Public/React-Core",
					"$(SRCROOT)/../../../ios/Pods/Headers/Public/React-Core",
				);
				LD_RUNPATH_SEARCH_PATHS = (
					"$(inherited)",
					"@executable_path/Frameworks",
					"@loader_path/Frameworks",
				);
				OTHER_LDFLAGS = "-ObjC";
				PRODUCT_MODULE_NAME = RNCuvoPackage;
				PRODUCT_NAME = RNCuvoPackage;
				SKIP_INSTALL = YES;
				SWIFT_OBJC_BRIDGING_HEADER = "/Users/sivachandran/Desktop/TestPackages/CuvoExampleTest/node_modules/cuvo-react-native-package/ios/Video/RNCuvoPackage-Bridging-Header.h";
				SWIFT_VERSION = 5.0;
				TARGETED_DEVICE_FAMILY = "1,2";
			};
			name = Release;
		};
/* End XCBuildConfiguration section */

/* Begin XCConfigurationList section */
		FA0EFF5B236CC8FB00069FA8 /* Build configuration list for PBXProject "RNCuvoPackage" */ = {
			isa = XCConfigurationList;
			buildConfigurations = (
				FA0EFF67236CC8FB00069FA8 /* Debug */,
				FA0EFF68236CC8FB00069FA8 /* Release */,
			);
			defaultConfigurationIsVisible = 0;
			defaultConfigurationName = Release;
		};
		FA0EFF69236CC8FB00069FA8 /* Build configuration list for PBXNativeTarget "RNCuvoPackage" */ = {
			isa = XCConfigurationList;
			buildConfigurations = (
				FA0EFF6A236CC8FB00069FA8 /* Debug */,
				FA0EFF6B236CC8FB00069FA8 /* Release */,
			);
			defaultConfigurationIsVisible = 0;
			defaultConfigurationName = Release;
		};
/* End XCConfigurationList section */
	};
	rootObject = FA0EFF58236CC8FB00069FA8 /* Project object */;
}
